{
  "version": 4,
  "terraform_version": "1.5.7",
  "serial": 51,
  "lineage": "5c1ced8f-3d84-40dd-2bb5-930d81f7ed6a",
  "outputs": {},
  "resources": [
    {
      "mode": "managed",
      "type": "aws_eip",
      "name": "nat_eip",
      "provider": "provider[\"registry.terraform.io/hashicorp/aws\"]",
      "instances": [
        {
          "schema_version": 0,
          "attributes": {
            "address": null,
            "allocation_id": "eipalloc-0b2c6dc78cd9f1750",
            "associate_with_private_ip": null,
            "association_id": "eipassoc-0f6fd0badc28bca60",
            "carrier_ip": "",
            "customer_owned_ip": "",
            "customer_owned_ipv4_pool": "",
            "domain": "vpc",
            "id": "eipalloc-0b2c6dc78cd9f1750",
            "instance": "",
            "network_border_group": "us-east-1",
            "network_interface": "eni-08a217a171166e024",
            "private_dns": "ip-10-5-3-77.ec2.internal",
            "private_ip": "10.5.3.77",
            "public_dns": "ec2-44-218-133-140.compute-1.amazonaws.com",
            "public_ip": "44.218.133.140",
            "public_ipv4_pool": "amazon",
            "tags": {},
            "tags_all": {},
            "timeouts": null,
            "vpc": true
          },
          "sensitive_attributes": [],
          "private": "eyJlMmJmYjczMC1lY2FhLTExZTYtOGY4OC0zNDM2M2JjN2M0YzAiOnsiZGVsZXRlIjoxODAwMDAwMDAwMDAsInJlYWQiOjkwMDAwMDAwMDAwMCwidXBkYXRlIjozMDAwMDAwMDAwMDB9fQ=="
        }
      ]
    },
    {
      "mode": "managed",
      "type": "aws_instance",
      "name": "myec2-private",
      "provider": "provider[\"registry.terraform.io/hashicorp/aws\"]",
      "instances": [
        {
          "schema_version": 1,
          "attributes": {
            "ami": "ami-06e46074ae430fba6",
            "arn": "arn:aws:ec2:us-east-1:274712346892:instance/i-0b336797b4ec56d4c",
            "associate_public_ip_address": false,
            "availability_zone": "us-east-1a",
            "capacity_reservation_specification": [
              {
                "capacity_reservation_preference": "open",
                "capacity_reservation_target": []
              }
            ],
            "cpu_core_count": 1,
            "cpu_options": [
              {
                "amd_sev_snp": "",
                "core_count": 1,
                "threads_per_core": 1
              }
            ],
            "cpu_threads_per_core": 1,
            "credit_specification": [
              {
                "cpu_credits": "standard"
              }
            ],
            "disable_api_stop": false,
            "disable_api_termination": false,
            "ebs_block_device": [],
            "ebs_optimized": false,
            "enclave_options": [
              {
                "enabled": false
              }
            ],
            "ephemeral_block_device": [],
            "get_password_data": false,
            "hibernation": false,
            "host_id": "",
            "host_resource_group_arn": null,
            "iam_instance_profile": "",
            "id": "i-0b336797b4ec56d4c",
            "instance_initiated_shutdown_behavior": "stop",
            "instance_lifecycle": "",
            "instance_market_options": [],
            "instance_state": "running",
            "instance_type": "t2.micro",
            "ipv6_address_count": 0,
            "ipv6_addresses": [],
            "key_name": "my_key",
            "launch_template": [],
            "maintenance_options": [
              {
                "auto_recovery": "default"
              }
            ],
            "metadata_options": [
              {
                "http_endpoint": "enabled",
                "http_protocol_ipv6": "disabled",
                "http_put_response_hop_limit": 2,
                "http_tokens": "required",
                "instance_metadata_tags": "disabled"
              }
            ],
            "monitoring": false,
            "network_interface": [],
            "outpost_arn": "",
            "password_data": "",
            "placement_group": "",
            "placement_partition_number": 0,
            "primary_network_interface_id": "eni-0ba74eab135f47167",
            "private_dns": "ip-10-5-1-174.ec2.internal",
            "private_dns_name_options": [
              {
                "enable_resource_name_dns_a_record": false,
                "enable_resource_name_dns_aaaa_record": false,
                "hostname_type": "ip-name"
              }
            ],
            "private_ip": "10.5.1.174",
            "public_dns": "",
            "public_ip": "",
            "root_block_device": [
              {
                "delete_on_termination": true,
                "device_name": "/dev/xvda",
                "encrypted": false,
                "iops": 3000,
                "kms_key_id": "",
                "tags": {},
                "throughput": 125,
                "volume_id": "vol-0452c2e83f07570cd",
                "volume_size": 8,
                "volume_type": "gp3"
              }
            ],
            "secondary_private_ips": [],
            "security_groups": [],
            "source_dest_check": true,
            "spot_instance_request_id": "",
            "subnet_id": "subnet-0ac9cc6ee9b2f88d5",
            "tags": {
              "Name": "applicationHost-instance-tf"
            },
            "tags_all": {
              "Name": "applicationHost-instance-tf"
            },
            "tenancy": "default",
            "timeouts": null,
            "user_data": null,
            "user_data_base64": null,
            "user_data_replace_on_change": false,
            "volume_tags": null,
            "vpc_security_group_ids": [
              "sg-0d91240aeb5aac934"
            ]
          },
          "sensitive_attributes": [],
          "private": "eyJlMmJmYjczMC1lY2FhLTExZTYtOGY4OC0zNDM2M2JjN2M0YzAiOnsiY3JlYXRlIjo2MDAwMDAwMDAwMDAsImRlbGV0ZSI6MTIwMDAwMDAwMDAwMCwidXBkYXRlIjo2MDAwMDAwMDAwMDB9LCJzY2hlbWFfdmVyc2lvbiI6IjEifQ==",
          "dependencies": [
            "aws_key_pair.my_aws_key",
            "aws_security_group.ssh_port3000_sg",
            "aws_subnet.private_subnet_az1"
          ]
        }
      ]
    },
    {
      "mode": "managed",
      "type": "aws_instance",
      "name": "myec2-public",
      "provider": "provider[\"registry.terraform.io/hashicorp/aws\"]",
      "instances": [
        {
          "schema_version": 1,
          "attributes": {
            "ami": "ami-06e46074ae430fba6",
            "arn": "arn:aws:ec2:us-east-1:274712346892:instance/i-0e68a7a71a7d5f67e",
            "associate_public_ip_address": true,
            "availability_zone": "us-east-1a",
            "capacity_reservation_specification": [
              {
                "capacity_reservation_preference": "open",
                "capacity_reservation_target": []
              }
            ],
            "cpu_core_count": 1,
            "cpu_options": [
              {
                "amd_sev_snp": "",
                "core_count": 1,
                "threads_per_core": 1
              }
            ],
            "cpu_threads_per_core": 1,
            "credit_specification": [
              {
                "cpu_credits": "standard"
              }
            ],
            "disable_api_stop": false,
            "disable_api_termination": false,
            "ebs_block_device": [],
            "ebs_optimized": false,
            "enclave_options": [
              {
                "enabled": false
              }
            ],
            "ephemeral_block_device": [],
            "get_password_data": false,
            "hibernation": false,
            "host_id": "",
            "host_resource_group_arn": null,
            "iam_instance_profile": "",
            "id": "i-0e68a7a71a7d5f67e",
            "instance_initiated_shutdown_behavior": "stop",
            "instance_lifecycle": "",
            "instance_market_options": [],
            "instance_state": "running",
            "instance_type": "t2.micro",
            "ipv6_address_count": 0,
            "ipv6_addresses": [],
            "key_name": "my_key",
            "launch_template": [],
            "maintenance_options": [
              {
                "auto_recovery": "default"
              }
            ],
            "metadata_options": [
              {
                "http_endpoint": "enabled",
                "http_protocol_ipv6": "disabled",
                "http_put_response_hop_limit": 2,
                "http_tokens": "required",
                "instance_metadata_tags": "disabled"
              }
            ],
            "monitoring": false,
            "network_interface": [],
            "outpost_arn": "",
            "password_data": "",
            "placement_group": "",
            "placement_partition_number": 0,
            "primary_network_interface_id": "eni-0d687454114b8cc87",
            "private_dns": "ip-10-5-3-178.ec2.internal",
            "private_dns_name_options": [
              {
                "enable_resource_name_dns_a_record": false,
                "enable_resource_name_dns_aaaa_record": false,
                "hostname_type": "ip-name"
              }
            ],
            "private_ip": "10.5.3.178",
            "public_dns": "",
            "public_ip": "44.202.184.62",
            "root_block_device": [
              {
                "delete_on_termination": true,
                "device_name": "/dev/xvda",
                "encrypted": false,
                "iops": 3000,
                "kms_key_id": "",
                "tags": {},
                "throughput": 125,
                "volume_id": "vol-084e8e3024ccf397f",
                "volume_size": 8,
                "volume_type": "gp3"
              }
            ],
            "secondary_private_ips": [],
            "security_groups": [],
            "source_dest_check": true,
            "spot_instance_request_id": "",
            "subnet_id": "subnet-08fd0272f7dafa536",
            "tags": {
              "Name": "bastionHost-instance-tf"
            },
            "tags_all": {
              "Name": "bastionHost-instance-tf"
            },
            "tenancy": "default",
            "timeouts": null,
            "user_data": "bcd14f30f6c17320577de8ebd2b96b486967fa62",
            "user_data_base64": null,
            "user_data_replace_on_change": false,
            "volume_tags": null,
            "vpc_security_group_ids": [
              "sg-040ad9b027b1bb3e5"
            ]
          },
          "sensitive_attributes": [
            [
              {
                "type": "get_attr",
                "value": "user_data"
              }
            ]
          ],
          "private": "eyJlMmJmYjczMC1lY2FhLTExZTYtOGY4OC0zNDM2M2JjN2M0YzAiOnsiY3JlYXRlIjo2MDAwMDAwMDAwMDAsImRlbGV0ZSI6MTIwMDAwMDAwMDAwMCwidXBkYXRlIjo2MDAwMDAwMDAwMDB9LCJzY2hlbWFfdmVyc2lvbiI6IjEifQ==",
          "dependencies": [
            "aws_key_pair.my_aws_key",
            "aws_security_group.ssh_sg",
            "aws_subnet.public_subnet_az1",
            "aws_vpc.myvpc",
            "tls_private_key.my_key"
          ]
        }
      ]
    },
    {
      "mode": "managed",
      "type": "aws_internet_gateway",
      "name": "myigw",
      "provider": "provider[\"registry.terraform.io/hashicorp/aws\"]",
      "instances": [
        {
          "schema_version": 0,
          "attributes": {
            "arn": "arn:aws:ec2:us-east-1:274712346892:internet-gateway/igw-0f6c23852989679ed",
            "id": "igw-0f6c23852989679ed",
            "owner_id": "274712346892",
            "tags": {
              "Name": "igw-tf"
            },
            "tags_all": {
              "Name": "igw-tf"
            },
            "timeouts": null,
            "vpc_id": "vpc-0b1a17dfe14335ca3"
          },
          "sensitive_attributes": [],
          "private": "eyJlMmJmYjczMC1lY2FhLTExZTYtOGY4OC0zNDM2M2JjN2M0YzAiOnsiY3JlYXRlIjoxMjAwMDAwMDAwMDAwLCJkZWxldGUiOjEyMDAwMDAwMDAwMDAsInVwZGF0ZSI6MTIwMDAwMDAwMDAwMH19",
          "dependencies": [
            "aws_vpc.myvpc"
          ]
        }
      ]
    },
    {
      "mode": "managed",
      "type": "aws_key_pair",
      "name": "my_aws_key",
      "provider": "provider[\"registry.terraform.io/hashicorp/aws\"]",
      "instances": [
        {
          "schema_version": 1,
          "attributes": {
            "arn": "arn:aws:ec2:us-east-1:274712346892:key-pair/my_key",
            "fingerprint": "68:df:bb:c4:0c:66:ac:91:6a:cc:cc:fd:62:3f:33:80",
            "id": "my_key",
            "key_name": "my_key",
            "key_name_prefix": "",
            "key_pair_id": "key-098f390146ccc80b2",
            "key_type": "rsa",
            "public_key": "ssh-rsa AAAAB3NzaC1yc2EAAAADAQABAAACAQDNnsH1Ij3fJtSM5TwXn2DOygpdaXEuwTeeRWaogaIMPpNQt9NiYIRGfCUacsK13npTghpNTwS+lkdTSKf0suVA781z+K1I15NAIUsDs5tFXZIS18Wl+pX9s8qJ+ebedBSBpZliRw8jxqh7c7OIyYRwPB5mOjMYqEBH5PDO9vkoXqf6MxoOQQmlwuiANgCNPCnthECnT8xTLYh+lHpj7HWhFUz453sGy1oNaF7EcSLg22LsyKUwPlQRWYtfHhoVWQRKBBPo2Jq3EeyHEZxH+8iOG1utfoX53OqQKFrK+ZBPOk60pHsdpyRoSgVwfuCMukrzE9WVNFvrBovouRuKG/8nh7CyoMR8P+85YuLt4916DuyrugBSXQ+7pXLo7B+jiBvw0Y8p2QVYKS3A9GSf04k1/FiD7G1frV77u8I2WDKZvtClq2Psj6n05o6pZUthd+TIotnCHSrERACQpJZvaIdoVpujJzxk5JElxrFZXi0CcnDjTpnnAs0lDtTPYYGAiArTSRU4Ml0AxNuqF+IHsFtWryDw+1ZjUGxKGNYYtuoCJM27fABENCq0gbqNK3C3E3/dGFU+HsKbrrWzs8xBhpQITViDFpTnq7hdPmL8dLtSXPG5VXawp0q6gR/tiRJtrphT/ql5vVnSILrSeP45gQt/5aYizFM2JcE8MkLkKgA34w==",
            "tags": {},
            "tags_all": {}
          },
          "sensitive_attributes": [],
          "private": "eyJzY2hlbWFfdmVyc2lvbiI6IjEifQ==",
          "dependencies": [
            "tls_private_key.my_key"
          ]
        }
      ]
    },
    {
      "mode": "managed",
      "type": "aws_nat_gateway",
      "name": "mynat",
      "provider": "provider[\"registry.terraform.io/hashicorp/aws\"]",
      "instances": [
        {
          "schema_version": 0,
          "attributes": {
            "allocation_id": "eipalloc-0b2c6dc78cd9f1750",
            "association_id": "eipassoc-0f6fd0badc28bca60",
            "connectivity_type": "public",
            "id": "nat-0f10eeb3ce94ca890",
            "network_interface_id": "eni-08a217a171166e024",
            "private_ip": "10.5.3.77",
            "public_ip": "44.218.133.140",
            "secondary_allocation_ids": [],
            "secondary_private_ip_address_count": 0,
            "secondary_private_ip_addresses": [],
            "subnet_id": "subnet-08fd0272f7dafa536",
            "tags": {
              "Name": "nat-tf"
            },
            "tags_all": {
              "Name": "nat-tf"
            },
            "timeouts": null
          },
          "sensitive_attributes": [],
          "private": "eyJlMmJmYjczMC1lY2FhLTExZTYtOGY4OC0zNDM2M2JjN2M0YzAiOnsiY3JlYXRlIjo2MDAwMDAwMDAwMDAsImRlbGV0ZSI6MTgwMDAwMDAwMDAwMCwidXBkYXRlIjo2MDAwMDAwMDAwMDB9fQ==",
          "dependencies": [
            "aws_eip.nat_eip",
            "aws_subnet.public_subnet_az1",
            "aws_vpc.myvpc"
          ]
        }
      ]
    },
    {
      "mode": "managed",
      "type": "aws_route_table",
      "name": "myrtb_private",
      "provider": "provider[\"registry.terraform.io/hashicorp/aws\"]",
      "instances": [
        {
          "schema_version": 0,
          "attributes": {
            "arn": "arn:aws:ec2:us-east-1:274712346892:route-table/rtb-034279a9dc2d5c1e7",
            "id": "rtb-034279a9dc2d5c1e7",
            "owner_id": "274712346892",
            "propagating_vgws": [],
            "route": [
              {
                "carrier_gateway_id": "",
                "cidr_block": "0.0.0.0/0",
                "core_network_arn": "",
                "destination_prefix_list_id": "",
                "egress_only_gateway_id": "",
                "gateway_id": "",
                "ipv6_cidr_block": "",
                "local_gateway_id": "",
                "nat_gateway_id": "nat-0f10eeb3ce94ca890",
                "network_interface_id": "",
                "transit_gateway_id": "",
                "vpc_endpoint_id": "",
                "vpc_peering_connection_id": ""
              }
            ],
            "tags": {
              "Name": "private-route-tf"
            },
            "tags_all": {
              "Name": "private-route-tf"
            },
            "timeouts": null,
            "vpc_id": "vpc-0b1a17dfe14335ca3"
          },
          "sensitive_attributes": [],
          "private": "eyJlMmJmYjczMC1lY2FhLTExZTYtOGY4OC0zNDM2M2JjN2M0YzAiOnsiY3JlYXRlIjozMDAwMDAwMDAwMDAsImRlbGV0ZSI6MzAwMDAwMDAwMDAwLCJ1cGRhdGUiOjEyMDAwMDAwMDAwMH19",
          "dependencies": [
            "aws_eip.nat_eip",
            "aws_nat_gateway.mynat",
            "aws_subnet.public_subnet_az1",
            "aws_vpc.myvpc"
          ]
        }
      ]
    },
    {
      "mode": "managed",
      "type": "aws_route_table",
      "name": "myrtb_public",
      "provider": "provider[\"registry.terraform.io/hashicorp/aws\"]",
      "instances": [
        {
          "schema_version": 0,
          "attributes": {
            "arn": "arn:aws:ec2:us-east-1:274712346892:route-table/rtb-07cc9f79878d990ee",
            "id": "rtb-07cc9f79878d990ee",
            "owner_id": "274712346892",
            "propagating_vgws": [],
            "route": [
              {
                "carrier_gateway_id": "",
                "cidr_block": "0.0.0.0/0",
                "core_network_arn": "",
                "destination_prefix_list_id": "",
                "egress_only_gateway_id": "",
                "gateway_id": "igw-0f6c23852989679ed",
                "ipv6_cidr_block": "",
                "local_gateway_id": "",
                "nat_gateway_id": "",
                "network_interface_id": "",
                "transit_gateway_id": "",
                "vpc_endpoint_id": "",
                "vpc_peering_connection_id": ""
              }
            ],
            "tags": {
              "Name": "public-route-tf"
            },
            "tags_all": {
              "Name": "public-route-tf"
            },
            "timeouts": null,
            "vpc_id": "vpc-0b1a17dfe14335ca3"
          },
          "sensitive_attributes": [],
          "private": "eyJlMmJmYjczMC1lY2FhLTExZTYtOGY4OC0zNDM2M2JjN2M0YzAiOnsiY3JlYXRlIjozMDAwMDAwMDAwMDAsImRlbGV0ZSI6MzAwMDAwMDAwMDAwLCJ1cGRhdGUiOjEyMDAwMDAwMDAwMH19",
          "dependencies": [
            "aws_internet_gateway.myigw",
            "aws_vpc.myvpc"
          ]
        }
      ]
    },
    {
      "mode": "managed",
      "type": "aws_route_table_association",
      "name": "private_subnet_az1_association",
      "provider": "provider[\"registry.terraform.io/hashicorp/aws\"]",
      "instances": [
        {
          "schema_version": 0,
          "attributes": {
            "gateway_id": "",
            "id": "rtbassoc-06d8d853b81a2f3d3",
            "route_table_id": "rtb-034279a9dc2d5c1e7",
            "subnet_id": "subnet-0ac9cc6ee9b2f88d5",
            "timeouts": null
          },
          "sensitive_attributes": [],
          "private": "eyJlMmJmYjczMC1lY2FhLTExZTYtOGY4OC0zNDM2M2JjN2M0YzAiOnsiY3JlYXRlIjozMDAwMDAwMDAwMDAsImRlbGV0ZSI6MzAwMDAwMDAwMDAwLCJ1cGRhdGUiOjEyMDAwMDAwMDAwMH19",
          "dependencies": [
            "aws_eip.nat_eip",
            "aws_nat_gateway.mynat",
            "aws_route_table.myrtb_private",
            "aws_subnet.private_subnet_az1",
            "aws_subnet.public_subnet_az1",
            "aws_vpc.myvpc"
          ]
        }
      ]
    },
    {
      "mode": "managed",
      "type": "aws_route_table_association",
      "name": "private_subnet_az2_association",
      "provider": "provider[\"registry.terraform.io/hashicorp/aws\"]",
      "instances": [
        {
          "schema_version": 0,
          "attributes": {
            "gateway_id": "",
            "id": "rtbassoc-051af6b0ba5f3ef98",
            "route_table_id": "rtb-034279a9dc2d5c1e7",
            "subnet_id": "subnet-0e765d66aaf29a4c7",
            "timeouts": null
          },
          "sensitive_attributes": [],
          "private": "eyJlMmJmYjczMC1lY2FhLTExZTYtOGY4OC0zNDM2M2JjN2M0YzAiOnsiY3JlYXRlIjozMDAwMDAwMDAwMDAsImRlbGV0ZSI6MzAwMDAwMDAwMDAwLCJ1cGRhdGUiOjEyMDAwMDAwMDAwMH19",
          "dependencies": [
            "aws_eip.nat_eip",
            "aws_nat_gateway.mynat",
            "aws_route_table.myrtb_private",
            "aws_subnet.private_subnet_az2",
            "aws_subnet.public_subnet_az1",
            "aws_vpc.myvpc"
          ]
        }
      ]
    },
    {
      "mode": "managed",
      "type": "aws_route_table_association",
      "name": "public_subnet_az1_association",
      "provider": "provider[\"registry.terraform.io/hashicorp/aws\"]",
      "instances": [
        {
          "schema_version": 0,
          "attributes": {
            "gateway_id": "",
            "id": "rtbassoc-01c33d34c748ff1b7",
            "route_table_id": "rtb-07cc9f79878d990ee",
            "subnet_id": "subnet-08fd0272f7dafa536",
            "timeouts": null
          },
          "sensitive_attributes": [],
          "private": "eyJlMmJmYjczMC1lY2FhLTExZTYtOGY4OC0zNDM2M2JjN2M0YzAiOnsiY3JlYXRlIjozMDAwMDAwMDAwMDAsImRlbGV0ZSI6MzAwMDAwMDAwMDAwLCJ1cGRhdGUiOjEyMDAwMDAwMDAwMH19",
          "dependencies": [
            "aws_internet_gateway.myigw",
            "aws_route_table.myrtb_public",
            "aws_subnet.public_subnet_az1",
            "aws_vpc.myvpc"
          ]
        }
      ]
    },
    {
      "mode": "managed",
      "type": "aws_route_table_association",
      "name": "public_subnet_az2_association",
      "provider": "provider[\"registry.terraform.io/hashicorp/aws\"]",
      "instances": [
        {
          "schema_version": 0,
          "attributes": {
            "gateway_id": "",
            "id": "rtbassoc-03c6fd526c1534cb3",
            "route_table_id": "rtb-07cc9f79878d990ee",
            "subnet_id": "subnet-0260f77c8c34adb9b",
            "timeouts": null
          },
          "sensitive_attributes": [],
          "private": "eyJlMmJmYjczMC1lY2FhLTExZTYtOGY4OC0zNDM2M2JjN2M0YzAiOnsiY3JlYXRlIjozMDAwMDAwMDAwMDAsImRlbGV0ZSI6MzAwMDAwMDAwMDAwLCJ1cGRhdGUiOjEyMDAwMDAwMDAwMH19",
          "dependencies": [
            "aws_internet_gateway.myigw",
            "aws_route_table.myrtb_public",
            "aws_subnet.public_subnet_az2",
            "aws_vpc.myvpc"
          ]
        }
      ]
    },
    {
      "mode": "managed",
      "type": "aws_security_group",
      "name": "ssh_port3000_sg",
      "provider": "provider[\"registry.terraform.io/hashicorp/aws\"]",
      "instances": [
        {
          "schema_version": 1,
          "attributes": {
            "arn": "arn:aws:ec2:us-east-1:274712346892:security-group/sg-0d91240aeb5aac934",
            "description": "Allow SSH and Port 3000 traffic from VPC CIDR only",
            "egress": [
              {
                "cidr_blocks": [
                  "0.0.0.0/0"
                ],
                "description": "",
                "from_port": 0,
                "ipv6_cidr_blocks": [],
                "prefix_list_ids": [],
                "protocol": "-1",
                "security_groups": [],
                "self": false,
                "to_port": 0
              }
            ],
            "id": "sg-0d91240aeb5aac934",
            "ingress": [
              {
                "cidr_blocks": [
                  "10.5.0.0/16"
                ],
                "description": "",
                "from_port": 22,
                "ipv6_cidr_blocks": [],
                "prefix_list_ids": [],
                "protocol": "tcp",
                "security_groups": [],
                "self": false,
                "to_port": 22
              },
              {
                "cidr_blocks": [
                  "10.5.0.0/16"
                ],
                "description": "",
                "from_port": 3000,
                "ipv6_cidr_blocks": [],
                "prefix_list_ids": [],
                "protocol": "tcp",
                "security_groups": [],
                "self": false,
                "to_port": 3000
              }
            ],
            "name": "allow-ssh-and-port3000",
            "name_prefix": "",
            "owner_id": "274712346892",
            "revoke_rules_on_delete": false,
            "tags": {
              "Name": "ssh-port3000-sg-tf"
            },
            "tags_all": {
              "Name": "ssh-port3000-sg-tf"
            },
            "timeouts": null,
            "vpc_id": "vpc-0b1a17dfe14335ca3"
          },
          "sensitive_attributes": [],
          "private": "eyJlMmJmYjczMC1lY2FhLTExZTYtOGY4OC0zNDM2M2JjN2M0YzAiOnsiY3JlYXRlIjo2MDAwMDAwMDAwMDAsImRlbGV0ZSI6OTAwMDAwMDAwMDAwfSwic2NoZW1hX3ZlcnNpb24iOiIxIn0=",
          "dependencies": [
            "aws_vpc.myvpc"
          ]
        }
      ]
    },
    {
      "mode": "managed",
      "type": "aws_security_group",
      "name": "ssh_sg",
      "provider": "provider[\"registry.terraform.io/hashicorp/aws\"]",
      "instances": [
        {
          "schema_version": 1,
          "attributes": {
            "arn": "arn:aws:ec2:us-east-1:274712346892:security-group/sg-040ad9b027b1bb3e5",
            "description": "Allow ssh access from anywhere",
            "egress": [
              {
                "cidr_blocks": [
                  "0.0.0.0/0"
                ],
                "description": "",
                "from_port": 0,
                "ipv6_cidr_blocks": [],
                "prefix_list_ids": [],
                "protocol": "-1",
                "security_groups": [],
                "self": false,
                "to_port": 0
              }
            ],
            "id": "sg-040ad9b027b1bb3e5",
            "ingress": [
              {
                "cidr_blocks": [
                  "0.0.0.0/0"
                ],
                "description": "",
                "from_port": 22,
                "ipv6_cidr_blocks": [],
                "prefix_list_ids": [],
                "protocol": "tcp",
                "security_groups": [],
                "self": false,
                "to_port": 22
              }
            ],
            "name": "allow-ssh",
            "name_prefix": "",
            "owner_id": "274712346892",
            "revoke_rules_on_delete": false,
            "tags": {
              "Name": "ssh-sg-tf"
            },
            "tags_all": {
              "Name": "ssh-sg-tf"
            },
            "timeouts": null,
            "vpc_id": "vpc-0b1a17dfe14335ca3"
          },
          "sensitive_attributes": [],
          "private": "eyJlMmJmYjczMC1lY2FhLTExZTYtOGY4OC0zNDM2M2JjN2M0YzAiOnsiY3JlYXRlIjo2MDAwMDAwMDAwMDAsImRlbGV0ZSI6OTAwMDAwMDAwMDAwfSwic2NoZW1hX3ZlcnNpb24iOiIxIn0=",
          "dependencies": [
            "aws_vpc.myvpc"
          ]
        }
      ]
    },
    {
      "mode": "managed",
      "type": "aws_subnet",
      "name": "private_subnet_az1",
      "provider": "provider[\"registry.terraform.io/hashicorp/aws\"]",
      "instances": [
        {
          "schema_version": 1,
          "attributes": {
            "arn": "arn:aws:ec2:us-east-1:274712346892:subnet/subnet-0ac9cc6ee9b2f88d5",
            "assign_ipv6_address_on_creation": false,
            "availability_zone": "us-east-1a",
            "availability_zone_id": "use1-az1",
            "cidr_block": "10.5.1.0/24",
            "customer_owned_ipv4_pool": "",
            "enable_dns64": false,
            "enable_lni_at_device_index": 0,
            "enable_resource_name_dns_a_record_on_launch": false,
            "enable_resource_name_dns_aaaa_record_on_launch": false,
            "id": "subnet-0ac9cc6ee9b2f88d5",
            "ipv6_cidr_block": "",
            "ipv6_cidr_block_association_id": "",
            "ipv6_native": false,
            "map_customer_owned_ip_on_launch": false,
            "map_public_ip_on_launch": false,
            "outpost_arn": "",
            "owner_id": "274712346892",
            "private_dns_hostname_type_on_launch": "ip-name",
            "tags": {
              "Name": "private_subnet_az1-tf"
            },
            "tags_all": {
              "Name": "private_subnet_az1-tf"
            },
            "timeouts": null,
            "vpc_id": "vpc-0b1a17dfe14335ca3"
          },
          "sensitive_attributes": [],
          "private": "eyJlMmJmYjczMC1lY2FhLTExZTYtOGY4OC0zNDM2M2JjN2M0YzAiOnsiY3JlYXRlIjo2MDAwMDAwMDAwMDAsImRlbGV0ZSI6MTIwMDAwMDAwMDAwMH0sInNjaGVtYV92ZXJzaW9uIjoiMSJ9",
          "dependencies": [
            "aws_vpc.myvpc"
          ]
        }
      ]
    },
    {
      "mode": "managed",
      "type": "aws_subnet",
      "name": "private_subnet_az2",
      "provider": "provider[\"registry.terraform.io/hashicorp/aws\"]",
      "instances": [
        {
          "schema_version": 1,
          "attributes": {
            "arn": "arn:aws:ec2:us-east-1:274712346892:subnet/subnet-0e765d66aaf29a4c7",
            "assign_ipv6_address_on_creation": false,
            "availability_zone": "us-east-1b",
            "availability_zone_id": "use1-az2",
            "cidr_block": "10.5.2.0/24",
            "customer_owned_ipv4_pool": "",
            "enable_dns64": false,
            "enable_lni_at_device_index": 0,
            "enable_resource_name_dns_a_record_on_launch": false,
            "enable_resource_name_dns_aaaa_record_on_launch": false,
            "id": "subnet-0e765d66aaf29a4c7",
            "ipv6_cidr_block": "",
            "ipv6_cidr_block_association_id": "",
            "ipv6_native": false,
            "map_customer_owned_ip_on_launch": false,
            "map_public_ip_on_launch": false,
            "outpost_arn": "",
            "owner_id": "274712346892",
            "private_dns_hostname_type_on_launch": "ip-name",
            "tags": {
              "Name": "private_subnet_az2-tf"
            },
            "tags_all": {
              "Name": "private_subnet_az2-tf"
            },
            "timeouts": null,
            "vpc_id": "vpc-0b1a17dfe14335ca3"
          },
          "sensitive_attributes": [],
          "private": "eyJlMmJmYjczMC1lY2FhLTExZTYtOGY4OC0zNDM2M2JjN2M0YzAiOnsiY3JlYXRlIjo2MDAwMDAwMDAwMDAsImRlbGV0ZSI6MTIwMDAwMDAwMDAwMH0sInNjaGVtYV92ZXJzaW9uIjoiMSJ9",
          "dependencies": [
            "aws_vpc.myvpc"
          ]
        }
      ]
    },
    {
      "mode": "managed",
      "type": "aws_subnet",
      "name": "public_subnet_az1",
      "provider": "provider[\"registry.terraform.io/hashicorp/aws\"]",
      "instances": [
        {
          "schema_version": 1,
          "attributes": {
            "arn": "arn:aws:ec2:us-east-1:274712346892:subnet/subnet-08fd0272f7dafa536",
            "assign_ipv6_address_on_creation": false,
            "availability_zone": "us-east-1a",
            "availability_zone_id": "use1-az1",
            "cidr_block": "10.5.3.0/24",
            "customer_owned_ipv4_pool": "",
            "enable_dns64": false,
            "enable_lni_at_device_index": 0,
            "enable_resource_name_dns_a_record_on_launch": false,
            "enable_resource_name_dns_aaaa_record_on_launch": false,
            "id": "subnet-08fd0272f7dafa536",
            "ipv6_cidr_block": "",
            "ipv6_cidr_block_association_id": "",
            "ipv6_native": false,
            "map_customer_owned_ip_on_launch": false,
            "map_public_ip_on_launch": true,
            "outpost_arn": "",
            "owner_id": "274712346892",
            "private_dns_hostname_type_on_launch": "ip-name",
            "tags": {
              "Name": "public_subnet_az1-tf"
            },
            "tags_all": {
              "Name": "public_subnet_az1-tf"
            },
            "timeouts": null,
            "vpc_id": "vpc-0b1a17dfe14335ca3"
          },
          "sensitive_attributes": [],
          "private": "eyJlMmJmYjczMC1lY2FhLTExZTYtOGY4OC0zNDM2M2JjN2M0YzAiOnsiY3JlYXRlIjo2MDAwMDAwMDAwMDAsImRlbGV0ZSI6MTIwMDAwMDAwMDAwMH0sInNjaGVtYV92ZXJzaW9uIjoiMSJ9",
          "dependencies": [
            "aws_vpc.myvpc"
          ]
        }
      ]
    },
    {
      "mode": "managed",
      "type": "aws_subnet",
      "name": "public_subnet_az2",
      "provider": "provider[\"registry.terraform.io/hashicorp/aws\"]",
      "instances": [
        {
          "schema_version": 1,
          "attributes": {
            "arn": "arn:aws:ec2:us-east-1:274712346892:subnet/subnet-0260f77c8c34adb9b",
            "assign_ipv6_address_on_creation": false,
            "availability_zone": "us-east-1b",
            "availability_zone_id": "use1-az2",
            "cidr_block": "10.5.4.0/24",
            "customer_owned_ipv4_pool": "",
            "enable_dns64": false,
            "enable_lni_at_device_index": 0,
            "enable_resource_name_dns_a_record_on_launch": false,
            "enable_resource_name_dns_aaaa_record_on_launch": false,
            "id": "subnet-0260f77c8c34adb9b",
            "ipv6_cidr_block": "",
            "ipv6_cidr_block_association_id": "",
            "ipv6_native": false,
            "map_customer_owned_ip_on_launch": false,
            "map_public_ip_on_launch": true,
            "outpost_arn": "",
            "owner_id": "274712346892",
            "private_dns_hostname_type_on_launch": "ip-name",
            "tags": {
              "Name": "public_subnet_az2-tf"
            },
            "tags_all": {
              "Name": "public_subnet_az2-tf"
            },
            "timeouts": null,
            "vpc_id": "vpc-0b1a17dfe14335ca3"
          },
          "sensitive_attributes": [],
          "private": "eyJlMmJmYjczMC1lY2FhLTExZTYtOGY4OC0zNDM2M2JjN2M0YzAiOnsiY3JlYXRlIjo2MDAwMDAwMDAwMDAsImRlbGV0ZSI6MTIwMDAwMDAwMDAwMH0sInNjaGVtYV92ZXJzaW9uIjoiMSJ9",
          "dependencies": [
            "aws_vpc.myvpc"
          ]
        }
      ]
    },
    {
      "mode": "managed",
      "type": "aws_vpc",
      "name": "myvpc",
      "provider": "provider[\"registry.terraform.io/hashicorp/aws\"]",
      "instances": [
        {
          "schema_version": 1,
          "attributes": {
            "arn": "arn:aws:ec2:us-east-1:274712346892:vpc/vpc-0b1a17dfe14335ca3",
            "assign_generated_ipv6_cidr_block": false,
            "cidr_block": "10.5.0.0/16",
            "default_network_acl_id": "acl-03d71c7d81ba5e6ba",
            "default_route_table_id": "rtb-0dc537af2f6d143c9",
            "default_security_group_id": "sg-0fe6a28b09b5d664d",
            "dhcp_options_id": "dopt-0a798cc77e0dc19bd",
            "enable_dns_hostnames": false,
            "enable_dns_support": true,
            "enable_network_address_usage_metrics": false,
            "id": "vpc-0b1a17dfe14335ca3",
            "instance_tenancy": "default",
            "ipv4_ipam_pool_id": null,
            "ipv4_netmask_length": null,
            "ipv6_association_id": "",
            "ipv6_cidr_block": "",
            "ipv6_cidr_block_network_border_group": "",
            "ipv6_ipam_pool_id": "",
            "ipv6_netmask_length": 0,
            "main_route_table_id": "rtb-0dc537af2f6d143c9",
            "owner_id": "274712346892",
            "tags": {
              "Name": "vpc-tf"
            },
            "tags_all": {
              "Name": "vpc-tf"
            }
          },
          "sensitive_attributes": [],
          "private": "eyJzY2hlbWFfdmVyc2lvbiI6IjEifQ=="
        }
      ]
    },
    {
      "mode": "managed",
      "type": "local_file",
      "name": "private_key",
      "provider": "provider[\"registry.terraform.io/hashicorp/local\"]",
      "instances": [
        {
          "schema_version": 0,
          "attributes": {
            "content": "-----BEGIN RSA PRIVATE KEY-----\nMIIJKAIBAAKCAgEAzZ7B9SI93ybUjOU8F59gzsoKXWlxLsE3nkVmqIGiDD6TULfT\nYmCERnwlGnLCtd56U4IaTU8EvpZHU0in9LLlQO/Nc/itSNeTQCFLA7ObRV2SEtfF\npfqV/bPKifnm3nQUgaWZYkcPI8aoe3OziMmEcDweZjozGKhAR+Twzvb5KF6n+jMa\nDkEJpcLogDYAjTwp7YRAp0/MUy2IfpR6Y+x1oRVM+Od7BstaDWhexHEi4Nti7Mil\nMD5UEVmLXx4aFVkESgQT6NiatxHshxGcR/vIjhtbrX6F+dzqkChayvmQTzpOtKR7\nHackaEoFcH7gjLpK8xPVlTRb6waL6Lkbihv/J4ewsqDEfD/vOWLi7ePdeg7sq7oA\nUl0Pu6Vy6Owfo4gb8NGPKdkFWCktwPRkn9OJNfxYg+xtX61e+7vCNlgymb7Qpatj\n7I+p9OaOqWVLYXfkyKLZwh0qxEQAkKSWb2iHaFaboyc8ZOSRJcaxWV4tAnJw406Z\n5wLNJQ7Uz2GBgIgK00kVODJdAMTbqhfiB7BbVq8g8PtWY1BsShjWGLbqAiTNu3wA\nRDQqtIG6jStwtxN/3RhVPh7Cm661s7PMQYaUCE1YgxaU56u4XT5i/HS7UlzxuVV2\nsKdKuoEf7YkSba6YU/6peb1Z0iC60nj+OYELf+WmIsxTNiXBPDJC5CoAN+MCAwEA\nAQKCAgBlzsJYHlEmKTK6ZFIBnD8xhCXnpGqO7MoeClzO+AiFKYKFR89Y+VLlF1jD\npKi1pedJa7ScLJC70OqV2PaYGO+b3GAMmMcrttlIunNK7OXnTXIi9ET/bnhPenLB\nKEPgRvdUTesJFwfu/dCz91CgXK6/Z3ThxtU/0yaosjltMCmjjGJ9ZknzXs5pDX1S\n5eoWBAD6gi4E6WTQlk3r5pZG3XBMhqBq6Son7g2zb8bkWuQbE2UCukHYBjRXts9k\nFCJ0CXQvNZ+p/X11QWGsatLHbWoaun8FAw1Q7soRAHob379NCyCnHn167CQBowzY\na2nBJAgyHNL2oksUrlQdsXFqS3xkcN94d0QfihABlsaIehYpo/EozaLS8k2uEeZ2\nKhvoUHVijKWEdxz0+/TXpgw0I4FGslqtyfrqRfZ1XR+gjBdxPvXD3d3mkvG58a90\nOg+pmBdCY3G01mx3NOFClnEZegQ7tM17Yv7d9776BnCympv8tF+Woo3YGEy2WS9t\n4gEoXSarkUVapeUp3/jq/7+mjXFrHxhdK5QQT7PkRWHSpzMMKAsgw7CGVYuxROD0\njeq626LsKSlEaj5xyZ2NjbW9GDc2PMHP2hz+LHLD9A1HMr+NSnRpHcKTIwkLa0kK\nORbfZAMucm5aw3Z4oO1haClOW3ZnNxgbUOnRxMNbzDN5dYscGQKCAQEA/Wov73c8\nFIc3r1xFXUQERHW65sa7DYB7oCS11s4J5lvw07nCm0y3qMy7KzEO3d7llcILYoV3\noJEOdfNNIm6j6Sxr8ZZ12bKupSY+4yd/S/E46cAFzr87YdnsCTPG27JCM718xPIu\nlNoZ9Uia7sRnmk4svmNtANqrKxpigmX8/HWm311CBFcFbXUIeqiE5M0Ax2QI9bIC\nVr62VB+Z4D/zosQSGx+izCD/Ndon30EESbk8afiO92M4wtJcfJWhVXhd7md4VA1x\nM8YJurtOy00UnbSxHnMf6SnSjjEuNsRwge4lJJEUT+4WJG7sowPYyMPV27UtRvkD\nk9XKSUkcoB1MRwKCAQEAz7fAOzG59pE7Ixp8b3qPU+XZvhu1rPrRWlcPCFUXfKwy\nn/VQi+ae7qQp5281OaDccFP+lKVDdNnEIBjyYS4t4IFG+Y7RtQ5oIQDcm3c4jbmG\nH8VrnQ7oyHWupwRFe7UMsWL0/DlWVEiK4Ty+sW/6mApj7f06CDh/GOlp1q5u9al5\nkiDTr48vvbgKj2/Znb44HHVTGJssQMBMen9ZVSXgYOR9HvG7/CK+DpEm8Qn5OJMy\n6qQN3mXM17509M6LMNxv40CwCJJU+5yVBUZAWvcw+WSPlgsDgu8EtfPbCR1lG+tO\nOxJ6ScZt1LlBtdzqQYIka/KQtA5SG1mxjHSodGIxhQKCAQEAx8KF6OF3xcLVPXGh\n6CQurPyVCUfMuZb3XMSzZpFiMml1TKEY66ys9e30+NYiHvmOxt+Ac/g71aGi4Y2Z\n1zOaF7uBl54AZkw46UxdtFg1O1r6fyB0M4aBO+A59QMQlaxODVUoXmN+Hq5SWg0S\nvHasKHHJSYc8rLiyxzZ0QtA8fZIMqfRsjtk+GQtxVKc0otuK6qJLgcoBl/mb5nJG\nrQQcfMjMcP8eKIU2SHAgkBdDVw4itnJN2GspmkGS0E5vL93DRaPgsXkrLCHHF6CB\nOzcWsj52hEdB912VcasI//kXqwRb2RhYB63pXGzoMpRctd3R3fBSsainjkivvddZ\nLkoKDwKCAQAXGv99FijzbnA/lWCmHeH3mSfBZ9+roDLNc8WuTZjRO25eMLGG/l5L\neWNX5RzsjiI3NICrFD8OrnKMh3neqX5c7MRyWhqlozaeBTSE7pwR18M9oX44+EGY\nms6UsXrxKdCBotpRfCdINNGOAG3N2wDrDKzU+kgMRgyNPtmREdIx7WoigRhK/Qh4\neBJkpjJ0w4YGVF6r7AbeJQXc0nGjcRUmcgQg/w7EGzE8+ZR1V4CrdGRDiYApbvV8\nQilMWfVNuBeSFc3/BhgB7Qb+kTPzam++Lhtyu0Lmu6OwgbGpr+VhV6laFNIZhsMM\n2JagnjRImStn/pFuFfG4LR/82bUrTQjpAoIBAGnNHGKpn3i0kt1HAWP9qADddytr\nCUoY0l8UF39G5tgmCUCridaqYQHPoiU4sp2tEaQim0UWlwfr01U3/qWsoVqpCrOn\nw0v/TFeC2XtPxMQqufYa8LwkC8pnNE0bfbMZZx/nDRVB4L/kb2SgSKgxqR9yQhpy\nB9EPoxwUqmStRUC5f2DWpbfT6SV4up1TqppFGXvuDaSwjnfhJhISGziA0Us1eo9Y\nf7PriRbI0fm/GKH/97FpKT/BbNi5xPjYo91vbhO5RY4qPjhbxbn7GmIXEYlD30Xf\ntYH2QYphQRZSCkOYEGJG+VYiR9WnOu3u5bx2EZ99dZ3uaC+a3r03keebP7E=\n-----END RSA PRIVATE KEY-----\n",
            "content_base64": null,
            "content_base64sha256": "f6xkXKv0AcI/64GuaSRYdvwkkQ+U2Mxvit5BNEAzFvE=",
            "content_base64sha512": "F3t/DIuaY+Wde9Wnzu2RZYRguJAOTOxEB9qTEmbRPNPIv/S2jR52RafvfnGNIUErDqSM6HL+snjyHjaNMLAq1w==",
            "content_md5": "42eff7ca7e1c504fb73997a49b8f676c",
            "content_sha1": "f2e1ac1d3b848c168d3348594dcd204e77b295b7",
            "content_sha256": "7fac645cabf401c23feb81ae69245876fc24910f94d8cc6f8ade4134403316f1",
            "content_sha512": "177b7f0c8b9a63e59d7bd5a7ceed91658460b8900e4cec4407da931266d13cd3c8bff4b68d1e7645a7ef7e718d21412b0ea48ce872feb278f21e368d30b02ad7",
            "directory_permission": "0777",
            "file_permission": "0777",
            "filename": ".keys/my-key.pem",
            "id": "f2e1ac1d3b848c168d3348594dcd204e77b295b7",
            "sensitive_content": null,
            "source": null
          },
          "sensitive_attributes": [
            [
              {
                "type": "get_attr",
                "value": "content"
              }
            ]
          ],
          "dependencies": [
            "tls_private_key.my_key"
          ]
        }
      ]
    },
    {
      "mode": "managed",
      "type": "local_file",
      "name": "public_key",
      "provider": "provider[\"registry.terraform.io/hashicorp/local\"]",
      "instances": [
        {
          "schema_version": 0,
          "attributes": {
            "content": "ssh-rsa AAAAB3NzaC1yc2EAAAADAQABAAACAQDNnsH1Ij3fJtSM5TwXn2DOygpdaXEuwTeeRWaogaIMPpNQt9NiYIRGfCUacsK13npTghpNTwS+lkdTSKf0suVA781z+K1I15NAIUsDs5tFXZIS18Wl+pX9s8qJ+ebedBSBpZliRw8jxqh7c7OIyYRwPB5mOjMYqEBH5PDO9vkoXqf6MxoOQQmlwuiANgCNPCnthECnT8xTLYh+lHpj7HWhFUz453sGy1oNaF7EcSLg22LsyKUwPlQRWYtfHhoVWQRKBBPo2Jq3EeyHEZxH+8iOG1utfoX53OqQKFrK+ZBPOk60pHsdpyRoSgVwfuCMukrzE9WVNFvrBovouRuKG/8nh7CyoMR8P+85YuLt4916DuyrugBSXQ+7pXLo7B+jiBvw0Y8p2QVYKS3A9GSf04k1/FiD7G1frV77u8I2WDKZvtClq2Psj6n05o6pZUthd+TIotnCHSrERACQpJZvaIdoVpujJzxk5JElxrFZXi0CcnDjTpnnAs0lDtTPYYGAiArTSRU4Ml0AxNuqF+IHsFtWryDw+1ZjUGxKGNYYtuoCJM27fABENCq0gbqNK3C3E3/dGFU+HsKbrrWzs8xBhpQITViDFpTnq7hdPmL8dLtSXPG5VXawp0q6gR/tiRJtrphT/ql5vVnSILrSeP45gQt/5aYizFM2JcE8MkLkKgA34w==\n",
            "content_base64": null,
            "content_base64sha256": "A5X+KgJ9v+vZxvHfM0XaBbFZ2AW6CnOMpA3EZ9qvH3s=",
            "content_base64sha512": "sBmCZONlP1WuRwyGYvvFleSJidjvtOaCBMWnKTvOCnnIJTCSK+oFvyc/V7CkyTdvJInoaWQPj/VqblWBM28kfQ==",
            "content_md5": "eef1d15c0c388d9007cfc109f641393d",
            "content_sha1": "97354fe3a12db4b908a9847be98258e11c3d4d2d",
            "content_sha256": "0395fe2a027dbfebd9c6f1df3345da05b159d805ba0a738ca40dc467daaf1f7b",
            "content_sha512": "b0198264e3653f55ae470c8662fbc595e48989d8efb4e68204c5a7293bce0a79c82530922bea05bf273f57b0a4c9376f2489e869640f8ff56a6e5581336f247d",
            "directory_permission": "0777",
            "file_permission": "0777",
            "filename": ".keys/my-key.pub",
            "id": "97354fe3a12db4b908a9847be98258e11c3d4d2d",
            "sensitive_content": null,
            "source": null
          },
          "sensitive_attributes": [],
          "dependencies": [
            "tls_private_key.my_key"
          ]
        }
      ]
    },
    {
      "mode": "managed",
      "type": "tls_private_key",
      "name": "my_key",
      "provider": "provider[\"registry.terraform.io/hashicorp/tls\"]",
      "instances": [
        {
          "schema_version": 1,
          "attributes": {
            "algorithm": "RSA",
            "ecdsa_curve": "P224",
            "id": "31871d403fde030de536f5c983c9ddacf91777d6",
            "private_key_openssh": "-----BEGIN OPENSSH PRIVATE KEY-----\nb3BlbnNzaC1rZXktdjEAAAAABG5vbmUAAAAEbm9uZQAAAAAAAAABAAACFwAAAAdz\nc2gtcnNhAAAAAwEAAQAAAgEAzZ7B9SI93ybUjOU8F59gzsoKXWlxLsE3nkVmqIGi\nDD6TULfTYmCERnwlGnLCtd56U4IaTU8EvpZHU0in9LLlQO/Nc/itSNeTQCFLA7Ob\nRV2SEtfFpfqV/bPKifnm3nQUgaWZYkcPI8aoe3OziMmEcDweZjozGKhAR+Twzvb5\nKF6n+jMaDkEJpcLogDYAjTwp7YRAp0/MUy2IfpR6Y+x1oRVM+Od7BstaDWhexHEi\n4Nti7MilMD5UEVmLXx4aFVkESgQT6NiatxHshxGcR/vIjhtbrX6F+dzqkChayvmQ\nTzpOtKR7HackaEoFcH7gjLpK8xPVlTRb6waL6Lkbihv/J4ewsqDEfD/vOWLi7ePd\neg7sq7oAUl0Pu6Vy6Owfo4gb8NGPKdkFWCktwPRkn9OJNfxYg+xtX61e+7vCNlgy\nmb7Qpatj7I+p9OaOqWVLYXfkyKLZwh0qxEQAkKSWb2iHaFaboyc8ZOSRJcaxWV4t\nAnJw406Z5wLNJQ7Uz2GBgIgK00kVODJdAMTbqhfiB7BbVq8g8PtWY1BsShjWGLbq\nAiTNu3wARDQqtIG6jStwtxN/3RhVPh7Cm661s7PMQYaUCE1YgxaU56u4XT5i/HS7\nUlzxuVV2sKdKuoEf7YkSba6YU/6peb1Z0iC60nj+OYELf+WmIsxTNiXBPDJC5CoA\nN+MAAAc4/yfxmf8n8ZkAAAAHc3NoLXJzYQAAAgEAzZ7B9SI93ybUjOU8F59gzsoK\nXWlxLsE3nkVmqIGiDD6TULfTYmCERnwlGnLCtd56U4IaTU8EvpZHU0in9LLlQO/N\nc/itSNeTQCFLA7ObRV2SEtfFpfqV/bPKifnm3nQUgaWZYkcPI8aoe3OziMmEcDwe\nZjozGKhAR+Twzvb5KF6n+jMaDkEJpcLogDYAjTwp7YRAp0/MUy2IfpR6Y+x1oRVM\n+Od7BstaDWhexHEi4Nti7MilMD5UEVmLXx4aFVkESgQT6NiatxHshxGcR/vIjhtb\nrX6F+dzqkChayvmQTzpOtKR7HackaEoFcH7gjLpK8xPVlTRb6waL6Lkbihv/J4ew\nsqDEfD/vOWLi7ePdeg7sq7oAUl0Pu6Vy6Owfo4gb8NGPKdkFWCktwPRkn9OJNfxY\ng+xtX61e+7vCNlgymb7Qpatj7I+p9OaOqWVLYXfkyKLZwh0qxEQAkKSWb2iHaFab\noyc8ZOSRJcaxWV4tAnJw406Z5wLNJQ7Uz2GBgIgK00kVODJdAMTbqhfiB7BbVq8g\n8PtWY1BsShjWGLbqAiTNu3wARDQqtIG6jStwtxN/3RhVPh7Cm661s7PMQYaUCE1Y\ngxaU56u4XT5i/HS7UlzxuVV2sKdKuoEf7YkSba6YU/6peb1Z0iC60nj+OYELf+Wm\nIsxTNiXBPDJC5CoAN+MAAAADAQABAAACAGXOwlgeUSYpMrpkUgGcPzGEJeekao7s\nyh4KXM74CIUpgoVHz1j5UuUXWMOkqLWl50lrtJwskLvQ6pXY9pgY75vcYAyYxyu2\n2Ui6c0rs5edNciL0RP9ueE96csEoQ+BG91RN6wkXB+790LP3UKBcrr9ndOHG1T/T\nJqiyOW0wKaOMYn1mSfNezmkNfVLl6hYEAPqCLgTpZNCWTevmlkbdcEyGoGrpKifu\nDbNvxuRa5BsTZQK6QdgGNFe2z2QUInQJdC81n6n9fXVBYaxq0sdtahq6fwUDDVDu\nyhEAehvfv00LIKcefXrsJAGjDNhracEkCDIc0vaiSxSuVB2xcWpLfGRw33h3RB+K\nEAGWxoh6Fimj8SjNotLyTa4R5nYqG+hQdWKMpYR3HPT79NemDDQjgUayWq3J+upF\n9nVdH6CMF3E+9cPd3eaS8bnxr3Q6D6mYF0JjcbTWbHc04UKWcRl6BDu0zXti/t33\nvvoGcLKam/y0X5aijdgYTLZZL23iAShdJquRRVql5Snf+Or/v6aNcWsfGF0rlBBP\ns+RFYdKnMwwoCyDDsIZVi7FE4PSN6rrbouwpKURqPnHJnY2Ntb0YNzY8wc/aHP4s\ncsP0DUcyv41KdGkdwpMjCQtrSQo5Ft9kAy5yblrDdnig7WFoKU5bdmc3GBtQ6dHE\nw1vMM3l1ixwZAAABAGnNHGKpn3i0kt1HAWP9qADddytrCUoY0l8UF39G5tgmCUCr\nidaqYQHPoiU4sp2tEaQim0UWlwfr01U3/qWsoVqpCrOnw0v/TFeC2XtPxMQqufYa\n8LwkC8pnNE0bfbMZZx/nDRVB4L/kb2SgSKgxqR9yQhpyB9EPoxwUqmStRUC5f2DW\npbfT6SV4up1TqppFGXvuDaSwjnfhJhISGziA0Us1eo9Yf7PriRbI0fm/GKH/97Fp\nKT/BbNi5xPjYo91vbhO5RY4qPjhbxbn7GmIXEYlD30XftYH2QYphQRZSCkOYEGJG\n+VYiR9WnOu3u5bx2EZ99dZ3uaC+a3r03keebP7EAAAEBAP1qL+93PBSHN69cRV1E\nBER1uubGuw2Ae6AktdbOCeZb8NO5wptMt6jMuysxDt3e5ZXCC2KFd6CRDnXzTSJu\no+ksa/GWddmyrqUmPuMnf0vxOOnABc6/O2HZ7AkzxtuyQjO9fMTyLpTaGfVImu7E\nZ5pOLL5jbQDaqysaYoJl/Px1pt9dQgRXBW11CHqohOTNAMdkCPWyAla+tlQfmeA/\n86LEEhsfoswg/zXaJ99BBEm5PGn4jvdjOMLSXHyVoVV4Xe5neFQNcTPGCbq7TstN\nFJ20sR5zH+kp0o4xLjbEcIHuJSSRFE/uFiRu7KMD2MjD1du1LUb5A5PVyklJHKAd\nTEcAAAEBAM+3wDsxufaROyMafG96j1Pl2b4btaz60VpXDwhVF3ysMp/1UIvmnu6k\nKedvNTmg3HBT/pSlQ3TZxCAY8mEuLeCBRvmO0bUOaCEA3Jt3OI25hh/Fa50O6Mh1\nrqcERXu1DLFi9Pw5VlRIiuE8vrFv+pgKY+39Ogg4fxjpadaubvWpeZIg06+PL724\nCo9v2Z2+OBx1UxibLEDATHp/WVUl4GDkfR7xu/wivg6RJvEJ+TiTMuqkDd5lzNe+\ndPTOizDcb+NAsAiSVPuclQVGQFr3MPlkj5YLA4LvBLXz2wkdZRvrTjsSeknGbdS5\nQbXc6kGCJGvykLQOUhtZsYx0qHRiMYUAAAAAAQID\n-----END OPENSSH PRIVATE KEY-----\n",
            "private_key_pem": "-----BEGIN RSA PRIVATE KEY-----\nMIIJKAIBAAKCAgEAzZ7B9SI93ybUjOU8F59gzsoKXWlxLsE3nkVmqIGiDD6TULfT\nYmCERnwlGnLCtd56U4IaTU8EvpZHU0in9LLlQO/Nc/itSNeTQCFLA7ObRV2SEtfF\npfqV/bPKifnm3nQUgaWZYkcPI8aoe3OziMmEcDweZjozGKhAR+Twzvb5KF6n+jMa\nDkEJpcLogDYAjTwp7YRAp0/MUy2IfpR6Y+x1oRVM+Od7BstaDWhexHEi4Nti7Mil\nMD5UEVmLXx4aFVkESgQT6NiatxHshxGcR/vIjhtbrX6F+dzqkChayvmQTzpOtKR7\nHackaEoFcH7gjLpK8xPVlTRb6waL6Lkbihv/J4ewsqDEfD/vOWLi7ePdeg7sq7oA\nUl0Pu6Vy6Owfo4gb8NGPKdkFWCktwPRkn9OJNfxYg+xtX61e+7vCNlgymb7Qpatj\n7I+p9OaOqWVLYXfkyKLZwh0qxEQAkKSWb2iHaFaboyc8ZOSRJcaxWV4tAnJw406Z\n5wLNJQ7Uz2GBgIgK00kVODJdAMTbqhfiB7BbVq8g8PtWY1BsShjWGLbqAiTNu3wA\nRDQqtIG6jStwtxN/3RhVPh7Cm661s7PMQYaUCE1YgxaU56u4XT5i/HS7UlzxuVV2\nsKdKuoEf7YkSba6YU/6peb1Z0iC60nj+OYELf+WmIsxTNiXBPDJC5CoAN+MCAwEA\nAQKCAgBlzsJYHlEmKTK6ZFIBnD8xhCXnpGqO7MoeClzO+AiFKYKFR89Y+VLlF1jD\npKi1pedJa7ScLJC70OqV2PaYGO+b3GAMmMcrttlIunNK7OXnTXIi9ET/bnhPenLB\nKEPgRvdUTesJFwfu/dCz91CgXK6/Z3ThxtU/0yaosjltMCmjjGJ9ZknzXs5pDX1S\n5eoWBAD6gi4E6WTQlk3r5pZG3XBMhqBq6Son7g2zb8bkWuQbE2UCukHYBjRXts9k\nFCJ0CXQvNZ+p/X11QWGsatLHbWoaun8FAw1Q7soRAHob379NCyCnHn167CQBowzY\na2nBJAgyHNL2oksUrlQdsXFqS3xkcN94d0QfihABlsaIehYpo/EozaLS8k2uEeZ2\nKhvoUHVijKWEdxz0+/TXpgw0I4FGslqtyfrqRfZ1XR+gjBdxPvXD3d3mkvG58a90\nOg+pmBdCY3G01mx3NOFClnEZegQ7tM17Yv7d9776BnCympv8tF+Woo3YGEy2WS9t\n4gEoXSarkUVapeUp3/jq/7+mjXFrHxhdK5QQT7PkRWHSpzMMKAsgw7CGVYuxROD0\njeq626LsKSlEaj5xyZ2NjbW9GDc2PMHP2hz+LHLD9A1HMr+NSnRpHcKTIwkLa0kK\nORbfZAMucm5aw3Z4oO1haClOW3ZnNxgbUOnRxMNbzDN5dYscGQKCAQEA/Wov73c8\nFIc3r1xFXUQERHW65sa7DYB7oCS11s4J5lvw07nCm0y3qMy7KzEO3d7llcILYoV3\noJEOdfNNIm6j6Sxr8ZZ12bKupSY+4yd/S/E46cAFzr87YdnsCTPG27JCM718xPIu\nlNoZ9Uia7sRnmk4svmNtANqrKxpigmX8/HWm311CBFcFbXUIeqiE5M0Ax2QI9bIC\nVr62VB+Z4D/zosQSGx+izCD/Ndon30EESbk8afiO92M4wtJcfJWhVXhd7md4VA1x\nM8YJurtOy00UnbSxHnMf6SnSjjEuNsRwge4lJJEUT+4WJG7sowPYyMPV27UtRvkD\nk9XKSUkcoB1MRwKCAQEAz7fAOzG59pE7Ixp8b3qPU+XZvhu1rPrRWlcPCFUXfKwy\nn/VQi+ae7qQp5281OaDccFP+lKVDdNnEIBjyYS4t4IFG+Y7RtQ5oIQDcm3c4jbmG\nH8VrnQ7oyHWupwRFe7UMsWL0/DlWVEiK4Ty+sW/6mApj7f06CDh/GOlp1q5u9al5\nkiDTr48vvbgKj2/Znb44HHVTGJssQMBMen9ZVSXgYOR9HvG7/CK+DpEm8Qn5OJMy\n6qQN3mXM17509M6LMNxv40CwCJJU+5yVBUZAWvcw+WSPlgsDgu8EtfPbCR1lG+tO\nOxJ6ScZt1LlBtdzqQYIka/KQtA5SG1mxjHSodGIxhQKCAQEAx8KF6OF3xcLVPXGh\n6CQurPyVCUfMuZb3XMSzZpFiMml1TKEY66ys9e30+NYiHvmOxt+Ac/g71aGi4Y2Z\n1zOaF7uBl54AZkw46UxdtFg1O1r6fyB0M4aBO+A59QMQlaxODVUoXmN+Hq5SWg0S\nvHasKHHJSYc8rLiyxzZ0QtA8fZIMqfRsjtk+GQtxVKc0otuK6qJLgcoBl/mb5nJG\nrQQcfMjMcP8eKIU2SHAgkBdDVw4itnJN2GspmkGS0E5vL93DRaPgsXkrLCHHF6CB\nOzcWsj52hEdB912VcasI//kXqwRb2RhYB63pXGzoMpRctd3R3fBSsainjkivvddZ\nLkoKDwKCAQAXGv99FijzbnA/lWCmHeH3mSfBZ9+roDLNc8WuTZjRO25eMLGG/l5L\neWNX5RzsjiI3NICrFD8OrnKMh3neqX5c7MRyWhqlozaeBTSE7pwR18M9oX44+EGY\nms6UsXrxKdCBotpRfCdINNGOAG3N2wDrDKzU+kgMRgyNPtmREdIx7WoigRhK/Qh4\neBJkpjJ0w4YGVF6r7AbeJQXc0nGjcRUmcgQg/w7EGzE8+ZR1V4CrdGRDiYApbvV8\nQilMWfVNuBeSFc3/BhgB7Qb+kTPzam++Lhtyu0Lmu6OwgbGpr+VhV6laFNIZhsMM\n2JagnjRImStn/pFuFfG4LR/82bUrTQjpAoIBAGnNHGKpn3i0kt1HAWP9qADddytr\nCUoY0l8UF39G5tgmCUCridaqYQHPoiU4sp2tEaQim0UWlwfr01U3/qWsoVqpCrOn\nw0v/TFeC2XtPxMQqufYa8LwkC8pnNE0bfbMZZx/nDRVB4L/kb2SgSKgxqR9yQhpy\nB9EPoxwUqmStRUC5f2DWpbfT6SV4up1TqppFGXvuDaSwjnfhJhISGziA0Us1eo9Y\nf7PriRbI0fm/GKH/97FpKT/BbNi5xPjYo91vbhO5RY4qPjhbxbn7GmIXEYlD30Xf\ntYH2QYphQRZSCkOYEGJG+VYiR9WnOu3u5bx2EZ99dZ3uaC+a3r03keebP7E=\n-----END RSA PRIVATE KEY-----\n",
            "private_key_pem_pkcs8": "-----BEGIN PRIVATE KEY-----\nMIIJQgIBADANBgkqhkiG9w0BAQEFAASCCSwwggkoAgEAAoICAQDNnsH1Ij3fJtSM\n5TwXn2DOygpdaXEuwTeeRWaogaIMPpNQt9NiYIRGfCUacsK13npTghpNTwS+lkdT\nSKf0suVA781z+K1I15NAIUsDs5tFXZIS18Wl+pX9s8qJ+ebedBSBpZliRw8jxqh7\nc7OIyYRwPB5mOjMYqEBH5PDO9vkoXqf6MxoOQQmlwuiANgCNPCnthECnT8xTLYh+\nlHpj7HWhFUz453sGy1oNaF7EcSLg22LsyKUwPlQRWYtfHhoVWQRKBBPo2Jq3EeyH\nEZxH+8iOG1utfoX53OqQKFrK+ZBPOk60pHsdpyRoSgVwfuCMukrzE9WVNFvrBovo\nuRuKG/8nh7CyoMR8P+85YuLt4916DuyrugBSXQ+7pXLo7B+jiBvw0Y8p2QVYKS3A\n9GSf04k1/FiD7G1frV77u8I2WDKZvtClq2Psj6n05o6pZUthd+TIotnCHSrERACQ\npJZvaIdoVpujJzxk5JElxrFZXi0CcnDjTpnnAs0lDtTPYYGAiArTSRU4Ml0AxNuq\nF+IHsFtWryDw+1ZjUGxKGNYYtuoCJM27fABENCq0gbqNK3C3E3/dGFU+HsKbrrWz\ns8xBhpQITViDFpTnq7hdPmL8dLtSXPG5VXawp0q6gR/tiRJtrphT/ql5vVnSILrS\neP45gQt/5aYizFM2JcE8MkLkKgA34wIDAQABAoICAGXOwlgeUSYpMrpkUgGcPzGE\nJeekao7syh4KXM74CIUpgoVHz1j5UuUXWMOkqLWl50lrtJwskLvQ6pXY9pgY75vc\nYAyYxyu22Ui6c0rs5edNciL0RP9ueE96csEoQ+BG91RN6wkXB+790LP3UKBcrr9n\ndOHG1T/TJqiyOW0wKaOMYn1mSfNezmkNfVLl6hYEAPqCLgTpZNCWTevmlkbdcEyG\noGrpKifuDbNvxuRa5BsTZQK6QdgGNFe2z2QUInQJdC81n6n9fXVBYaxq0sdtahq6\nfwUDDVDuyhEAehvfv00LIKcefXrsJAGjDNhracEkCDIc0vaiSxSuVB2xcWpLfGRw\n33h3RB+KEAGWxoh6Fimj8SjNotLyTa4R5nYqG+hQdWKMpYR3HPT79NemDDQjgUay\nWq3J+upF9nVdH6CMF3E+9cPd3eaS8bnxr3Q6D6mYF0JjcbTWbHc04UKWcRl6BDu0\nzXti/t33vvoGcLKam/y0X5aijdgYTLZZL23iAShdJquRRVql5Snf+Or/v6aNcWsf\nGF0rlBBPs+RFYdKnMwwoCyDDsIZVi7FE4PSN6rrbouwpKURqPnHJnY2Ntb0YNzY8\nwc/aHP4scsP0DUcyv41KdGkdwpMjCQtrSQo5Ft9kAy5yblrDdnig7WFoKU5bdmc3\nGBtQ6dHEw1vMM3l1ixwZAoIBAQD9ai/vdzwUhzevXEVdRAREdbrmxrsNgHugJLXW\nzgnmW/DTucKbTLeozLsrMQ7d3uWVwgtihXegkQ51800ibqPpLGvxlnXZsq6lJj7j\nJ39L8TjpwAXOvzth2ewJM8bbskIzvXzE8i6U2hn1SJruxGeaTiy+Y20A2qsrGmKC\nZfz8dabfXUIEVwVtdQh6qITkzQDHZAj1sgJWvrZUH5ngP/OixBIbH6LMIP812iff\nQQRJuTxp+I73YzjC0lx8laFVeF3uZ3hUDXEzxgm6u07LTRSdtLEecx/pKdKOMS42\nxHCB7iUkkRRP7hYkbuyjA9jIw9XbtS1G+QOT1cpJSRygHUxHAoIBAQDPt8A7Mbn2\nkTsjGnxveo9T5dm+G7Ws+tFaVw8IVRd8rDKf9VCL5p7upCnnbzU5oNxwU/6UpUN0\n2cQgGPJhLi3ggUb5jtG1DmghANybdziNuYYfxWudDujIda6nBEV7tQyxYvT8OVZU\nSIrhPL6xb/qYCmPt/ToIOH8Y6WnWrm71qXmSINOvjy+9uAqPb9mdvjgcdVMYmyxA\nwEx6f1lVJeBg5H0e8bv8Ir4OkSbxCfk4kzLqpA3eZczXvnT0zosw3G/jQLAIklT7\nnJUFRkBa9zD5ZI+WCwOC7wS189sJHWUb6047EnpJxm3UuUG13OpBgiRr8pC0DlIb\nWbGMdKh0YjGFAoIBAQDHwoXo4XfFwtU9caHoJC6s/JUJR8y5lvdcxLNmkWIyaXVM\noRjrrKz17fT41iIe+Y7G34Bz+DvVoaLhjZnXM5oXu4GXngBmTDjpTF20WDU7Wvp/\nIHQzhoE74Dn1AxCVrE4NVSheY34erlJaDRK8dqwocclJhzysuLLHNnRC0Dx9kgyp\n9GyO2T4ZC3FUpzSi24rqokuBygGX+ZvmckatBBx8yMxw/x4ohTZIcCCQF0NXDiK2\nck3YaymaQZLQTm8v3cNFo+CxeSssIccXoIE7NxayPnaER0H3XZVxqwj/+RerBFvZ\nGFgHrelcbOgylFy13dHd8FKxqKeOSK+911kuSgoPAoIBABca/30WKPNucD+VYKYd\n4feZJ8Fn36ugMs1zxa5NmNE7bl4wsYb+Xkt5Y1flHOyOIjc0gKsUPw6ucoyHed6p\nflzsxHJaGqWjNp4FNITunBHXwz2hfjj4QZiazpSxevEp0IGi2lF8J0g00Y4Abc3b\nAOsMrNT6SAxGDI0+2ZER0jHtaiKBGEr9CHh4EmSmMnTDhgZUXqvsBt4lBdzScaNx\nFSZyBCD/DsQbMTz5lHVXgKt0ZEOJgClu9XxCKUxZ9U24F5IVzf8GGAHtBv6RM/Nq\nb74uG3K7Qua7o7CBsamv5WFXqVoU0hmGwwzYlqCeNEiZK2f+kW4V8bgtH/zZtStN\nCOkCggEAac0cYqmfeLSS3UcBY/2oAN13K2sJShjSXxQXf0bm2CYJQKuJ1qphAc+i\nJTiyna0RpCKbRRaXB+vTVTf+payhWqkKs6fDS/9MV4LZe0/ExCq59hrwvCQLymc0\nTRt9sxlnH+cNFUHgv+RvZKBIqDGpH3JCGnIH0Q+jHBSqZK1FQLl/YNalt9PpJXi6\nnVOqmkUZe+4NpLCOd+EmEhIbOIDRSzV6j1h/s+uJFsjR+b8Yof/3sWkpP8Fs2LnE\n+Nij3W9uE7lFjio+OFvFufsaYhcRiUPfRd+1gfZBimFBFlIKQ5gQYkb5ViJH1ac6\n7e7lvHYRn311ne5oL5revTeR55s/sQ==\n-----END PRIVATE KEY-----\n",
            "public_key_fingerprint_md5": "8b:9f:51:09:16:b1:2a:fe:cc:63:6a:17:8a:d6:8b:80",
            "public_key_fingerprint_sha256": "SHA256:PSLpMu3CxEKmdPpsgTtnHarTvM5G2/pCNr0A5s6fccg",
            "public_key_openssh": "ssh-rsa AAAAB3NzaC1yc2EAAAADAQABAAACAQDNnsH1Ij3fJtSM5TwXn2DOygpdaXEuwTeeRWaogaIMPpNQt9NiYIRGfCUacsK13npTghpNTwS+lkdTSKf0suVA781z+K1I15NAIUsDs5tFXZIS18Wl+pX9s8qJ+ebedBSBpZliRw8jxqh7c7OIyYRwPB5mOjMYqEBH5PDO9vkoXqf6MxoOQQmlwuiANgCNPCnthECnT8xTLYh+lHpj7HWhFUz453sGy1oNaF7EcSLg22LsyKUwPlQRWYtfHhoVWQRKBBPo2Jq3EeyHEZxH+8iOG1utfoX53OqQKFrK+ZBPOk60pHsdpyRoSgVwfuCMukrzE9WVNFvrBovouRuKG/8nh7CyoMR8P+85YuLt4916DuyrugBSXQ+7pXLo7B+jiBvw0Y8p2QVYKS3A9GSf04k1/FiD7G1frV77u8I2WDKZvtClq2Psj6n05o6pZUthd+TIotnCHSrERACQpJZvaIdoVpujJzxk5JElxrFZXi0CcnDjTpnnAs0lDtTPYYGAiArTSRU4Ml0AxNuqF+IHsFtWryDw+1ZjUGxKGNYYtuoCJM27fABENCq0gbqNK3C3E3/dGFU+HsKbrrWzs8xBhpQITViDFpTnq7hdPmL8dLtSXPG5VXawp0q6gR/tiRJtrphT/ql5vVnSILrSeP45gQt/5aYizFM2JcE8MkLkKgA34w==\n",
            "public_key_pem": "-----BEGIN PUBLIC KEY-----\nMIICIjANBgkqhkiG9w0BAQEFAAOCAg8AMIICCgKCAgEAzZ7B9SI93ybUjOU8F59g\nzsoKXWlxLsE3nkVmqIGiDD6TULfTYmCERnwlGnLCtd56U4IaTU8EvpZHU0in9LLl\nQO/Nc/itSNeTQCFLA7ObRV2SEtfFpfqV/bPKifnm3nQUgaWZYkcPI8aoe3OziMmE\ncDweZjozGKhAR+Twzvb5KF6n+jMaDkEJpcLogDYAjTwp7YRAp0/MUy2IfpR6Y+x1\noRVM+Od7BstaDWhexHEi4Nti7MilMD5UEVmLXx4aFVkESgQT6NiatxHshxGcR/vI\njhtbrX6F+dzqkChayvmQTzpOtKR7HackaEoFcH7gjLpK8xPVlTRb6waL6Lkbihv/\nJ4ewsqDEfD/vOWLi7ePdeg7sq7oAUl0Pu6Vy6Owfo4gb8NGPKdkFWCktwPRkn9OJ\nNfxYg+xtX61e+7vCNlgymb7Qpatj7I+p9OaOqWVLYXfkyKLZwh0qxEQAkKSWb2iH\naFaboyc8ZOSRJcaxWV4tAnJw406Z5wLNJQ7Uz2GBgIgK00kVODJdAMTbqhfiB7Bb\nVq8g8PtWY1BsShjWGLbqAiTNu3wARDQqtIG6jStwtxN/3RhVPh7Cm661s7PMQYaU\nCE1YgxaU56u4XT5i/HS7UlzxuVV2sKdKuoEf7YkSba6YU/6peb1Z0iC60nj+OYEL\nf+WmIsxTNiXBPDJC5CoAN+MCAwEAAQ==\n-----END PUBLIC KEY-----\n",
            "rsa_bits": 4096
          },
          "sensitive_attributes": []
        }
      ]
    }
  ],
  "check_results": null
}
